
Microsoft Visual Studio Solution File, Format Version 12.00
# Visual Studio Version 16
VisualStudioVersion = 16.0.31829.152
MinimumVisualStudioVersion = 10.0.40219.1
Project("{FAE04EC0-301F-11D3-BF4B-00C04F79EFBC}") = "wpf_lab11.1", "wpf_lab11.1\wpf_lab11.1.csproj", "{5ED6E064-1234-4809-9522-9B788DBAAECE}"
EndProject
Global
	GlobalSection(SolutionConfigurationPlatforms) = preSolution
		Debug|Any CPU = Debug|Any CPU
		Release|Any CPU = Release|Any CPU
	EndGlobalSection
	GlobalSection(ProjectConfigurationPlatforms) = postSolution
		{5ED6E064-1234-4809-9522-9B788DBAAECE}.Debug|Any CPU.ActiveCfg = Debug|Any CPU
		{5ED6E064-1234-4809-9522-9B788DBAAECE}.Debug|Any CPU.Build.0 = Debug|Any CPU
		{5ED6E064-1234-4809-9522-9B788DBAAECE}.Release|Any CPU.ActiveCfg = Release|Any CPU
		{5ED6E064-1234-4809-9522-9B788DBAAECE}.Release|Any CPU.Build.0 = Release|Any CPU
	EndGlobalSection
	GlobalSection(SolutionProperties) = preSolution
		HideSolutionNode = FALSE
	EndGlobalSection
	GlobalSection(ExtensibilityGlobals) = postSolution
		SolutionGuid = {C32322FB-E358-453B-94B0-FCE7141A66D8}
	EndGlobalSection
EndGlobal
